// !$*UTF8*$!
{
	archiveVersion = 1;
	classes = {
	};
	objectVersion = 51;
	objects = {

/* Begin PBXBuildFile section */
		81980CA56B6828C83A48E080 /* Pods_Simple_Weather.framework in Frameworks */ = {isa = PBXBuildFile; fileRef = 99A595ABDB2C144006D55C4B /* Pods_Simple_Weather.framework */; };
		E0242AB224B2B9EC002C0567 /* Location.swift in Sources */ = {isa = PBXBuildFile; fileRef = E0242AB124B2B9EC002C0567 /* Location.swift */; };
		E04C506B24B28A21003FB198 /* Settings.bundle in Resources */ = {isa = PBXBuildFile; fileRef = E04C506A24B28A21003FB198 /* Settings.bundle */; };
		E0C66EFB24B394C8008DF138 /* SettingsViewController.swift in Sources */ = {isa = PBXBuildFile; fileRef = E0C66EFA24B394C8008DF138 /* SettingsViewController.swift */; };
		E0CA0BA724B233A500B5434D /* AppDelegate.swift in Sources */ = {isa = PBXBuildFile; fileRef = E0CA0BA624B233A500B5434D /* AppDelegate.swift */; };
		E0CA0BA924B233A500B5434D /* SceneDelegate.swift in Sources */ = {isa = PBXBuildFile; fileRef = E0CA0BA824B233A500B5434D /* SceneDelegate.swift */; };
		E0CA0BAB24B233A500B5434D /* ViewController.swift in Sources */ = {isa = PBXBuildFile; fileRef = E0CA0BAA24B233A500B5434D /* ViewController.swift */; };
		E0CA0BB024B233A700B5434D /* Assets.xcassets in Resources */ = {isa = PBXBuildFile; fileRef = E0CA0BAF24B233A700B5434D /* Assets.xcassets */; };
		E0CA0BBE24B234EB00B5434D /* WeatherData.swift in Sources */ = {isa = PBXBuildFile; fileRef = E0CA0BBD24B234EB00B5434D /* WeatherData.swift */; };
		E0CA0BC024B2353200B5434D /* Design.swift in Sources */ = {isa = PBXBuildFile; fileRef = E0CA0BBF24B2353200B5434D /* Design.swift */; };
		E0CA0BC324B2355F00B5434D /* Weather.swift in Sources */ = {isa = PBXBuildFile; fileRef = E0CA0BC224B2355F00B5434D /* Weather.swift */; };
		E0E3A36724B255EB008D8180 /* Main.storyboard in Resources */ = {isa = PBXBuildFile; fileRef = E0E3A36324B255EA008D8180 /* Main.storyboard */; };
		E0E3A36824B255EB008D8180 /* LaunchScreen.storyboard in Resources */ = {isa = PBXBuildFile; fileRef = E0E3A36524B255EA008D8180 /* LaunchScreen.storyboard */; };
		E0F4592624B28FAE00E097A2 /* SettingsBundleHelper.swift in Sources */ = {isa = PBXBuildFile; fileRef = E0F4592524B28FAE00E097A2 /* SettingsBundleHelper.swift */; };
		E0F4592824B2973C00E097A2 /* Configuration.swift in Sources */ = {isa = PBXBuildFile; fileRef = E0F4592724B2973C00E097A2 /* Configuration.swift */; };
/* End PBXBuildFile section */

/* Begin PBXFileReference section */
		536927908368611C785440BF /* Pods-Simple Weather.debug.xcconfig */ = {isa = PBXFileReference; includeInIndex = 1; lastKnownFileType = text.xcconfig; name = "Pods-Simple Weather.debug.xcconfig"; path = "Target Support Files/Pods-Simple Weather/Pods-Simple Weather.debug.xcconfig"; sourceTree = "<group>"; };
		99A595ABDB2C144006D55C4B /* Pods_Simple_Weather.framework */ = {isa = PBXFileReference; explicitFileType = wrapper.framework; includeInIndex = 0; path = Pods_Simple_Weather.framework; sourceTree = BUILT_PRODUCTS_DIR; };
		CF88EFA27DF98C8FB089A1C9 /* Pods-Simple Weather.release.xcconfig */ = {isa = PBXFileReference; includeInIndex = 1; lastKnownFileType = text.xcconfig; name = "Pods-Simple Weather.release.xcconfig"; path = "Target Support Files/Pods-Simple Weather/Pods-Simple Weather.release.xcconfig"; sourceTree = "<group>"; };
		E0242AB124B2B9EC002C0567 /* Location.swift */ = {isa = PBXFileReference; lastKnownFileType = sourcecode.swift; path = Location.swift; sourceTree = "<group>"; };
		E04C506A24B28A21003FB198 /* Settings.bundle */ = {isa = PBXFileReference; lastKnownFileType = "wrapper.plug-in"; path = Settings.bundle; sourceTree = "<group>"; };
		E0C66EFA24B394C8008DF138 /* SettingsViewController.swift */ = {isa = PBXFileReference; lastKnownFileType = sourcecode.swift; path = SettingsViewController.swift; sourceTree = "<group>"; };
		E0CA0BA324B233A400B5434D /* Simple Weather.app */ = {isa = PBXFileReference; explicitFileType = wrapper.application; includeInIndex = 0; path = "Simple Weather.app"; sourceTree = BUILT_PRODUCTS_DIR; };
		E0CA0BA624B233A500B5434D /* AppDelegate.swift */ = {isa = PBXFileReference; lastKnownFileType = sourcecode.swift; path = AppDelegate.swift; sourceTree = "<group>"; };
		E0CA0BA824B233A500B5434D /* SceneDelegate.swift */ = {isa = PBXFileReference; lastKnownFileType = sourcecode.swift; path = SceneDelegate.swift; sourceTree = "<group>"; };
		E0CA0BAA24B233A500B5434D /* ViewController.swift */ = {isa = PBXFileReference; lastKnownFileType = sourcecode.swift; path = ViewController.swift; sourceTree = "<group>"; };
		E0CA0BAF24B233A700B5434D /* Assets.xcassets */ = {isa = PBXFileReference; lastKnownFileType = folder.assetcatalog; path = Assets.xcassets; sourceTree = "<group>"; };
		E0CA0BB424B233A700B5434D /* Info.plist */ = {isa = PBXFileReference; lastKnownFileType = text.plist.xml; path = Info.plist; sourceTree = "<group>"; };
		E0CA0BBD24B234EB00B5434D /* WeatherData.swift */ = {isa = PBXFileReference; lastKnownFileType = sourcecode.swift; path = WeatherData.swift; sourceTree = "<group>"; };
		E0CA0BBF24B2353200B5434D /* Design.swift */ = {isa = PBXFileReference; lastKnownFileType = sourcecode.swift; path = Design.swift; sourceTree = "<group>"; };
		E0CA0BC224B2355F00B5434D /* Weather.swift */ = {isa = PBXFileReference; lastKnownFileType = sourcecode.swift; path = Weather.swift; sourceTree = "<group>"; };
		E0E3A36424B255EA008D8180 /* Base */ = {isa = PBXFileReference; lastKnownFileType = file.storyboard; name = Base; path = Views/Base.lproj/Main.storyboard; sourceTree = "<group>"; };
		E0E3A36624B255EA008D8180 /* Base */ = {isa = PBXFileReference; lastKnownFileType = file.storyboard; name = Base; path = Views/Base.lproj/LaunchScreen.storyboard; sourceTree = "<group>"; };
		E0F4592524B28FAE00E097A2 /* SettingsBundleHelper.swift */ = {isa = PBXFileReference; lastKnownFileType = sourcecode.swift; path = SettingsBundleHelper.swift; sourceTree = "<group>"; };
		E0F4592724B2973C00E097A2 /* Configuration.swift */ = {isa = PBXFileReference; lastKnownFileType = sourcecode.swift; path = Configuration.swift; sourceTree = "<group>"; };
/* End PBXFileReference section */

/* Begin PBXFrameworksBuildPhase section */
		E0CA0BA024B233A400B5434D /* Frameworks */ = {
			isa = PBXFrameworksBuildPhase;
			buildActionMask = 2147483647;
			files = (
				81980CA56B6828C83A48E080 /* Pods_Simple_Weather.framework in Frameworks */,
			);
			runOnlyForDeploymentPostprocessing = 0;
		};
/* End PBXFrameworksBuildPhase section */

/* Begin PBXGroup section */
		9721DB7DB99BEFAF6167F272 /* Pods */ = {
			isa = PBXGroup;
			children = (
				536927908368611C785440BF /* Pods-Simple Weather.debug.xcconfig */,
				CF88EFA27DF98C8FB089A1C9 /* Pods-Simple Weather.release.xcconfig */,
			);
			path = Pods;
			sourceTree = "<group>";
		};
		AC33BD6E9EB01BD51A9F9E87 /* Frameworks */ = {
			isa = PBXGroup;
			children = (
				99A595ABDB2C144006D55C4B /* Pods_Simple_Weather.framework */,
			);
			name = Frameworks;
			sourceTree = "<group>";
		};
		E0CA0B9A24B233A400B5434D = {
			isa = PBXGroup;
			children = (
				E0CA0BA524B233A400B5434D /* Simple Weather */,
				E0CA0BA424B233A400B5434D /* Products */,
				9721DB7DB99BEFAF6167F272 /* Pods */,
				AC33BD6E9EB01BD51A9F9E87 /* Frameworks */,
			);
			sourceTree = "<group>";
		};
		E0CA0BA424B233A400B5434D /* Products */ = {
			isa = PBXGroup;
			children = (
				E0CA0BA324B233A400B5434D /* Simple Weather.app */,
			);
			name = Products;
			sourceTree = "<group>";
		};
		E0CA0BA524B233A400B5434D /* Simple Weather */ = {
			isa = PBXGroup;
			children = (
				E0CA0BBC24B234A100B5434D /* Controller */,
				E0CA0BBB24B2349200B5434D /* View */,
				E0CA0BBA24B2348A00B5434D /* Model */,
				E0CA0BA624B233A500B5434D /* AppDelegate.swift */,
				E0CA0BAF24B233A700B5434D /* Assets.xcassets */,
				E0CA0BA824B233A500B5434D /* SceneDelegate.swift */,
				E0E3A36524B255EA008D8180 /* LaunchScreen.storyboard */,
				E0E3A36324B255EA008D8180 /* Main.storyboard */,
				E04C506A24B28A21003FB198 /* Settings.bundle */,
				E0CA0BB424B233A700B5434D /* Info.plist */,
			);
			path = "Simple Weather";
			sourceTree = "<group>";
		};
		E0CA0BBA24B2348A00B5434D /* Model */ = {
			isa = PBXGroup;
			children = (
				E0CA0BC224B2355F00B5434D /* Weather.swift */,
				E0F4592724B2973C00E097A2 /* Configuration.swift */,
			);
			path = Model;
			sourceTree = "<group>";
		};
		E0CA0BBB24B2349200B5434D /* View */ = {
			isa = PBXGroup;
			children = (
				E0CA0BAA24B233A500B5434D /* ViewController.swift */,
				E0C66EFA24B394C8008DF138 /* SettingsViewController.swift */,
			);
			path = View;
			sourceTree = "<group>";
		};
		E0CA0BBC24B234A100B5434D /* Controller */ = {
			isa = PBXGroup;
			children = (
				E0CA0BBD24B234EB00B5434D /* WeatherData.swift */,
				E0CA0BBF24B2353200B5434D /* Design.swift */,
				E0F4592524B28FAE00E097A2 /* SettingsBundleHelper.swift */,
				E0242AB124B2B9EC002C0567 /* Location.swift */,
			);
			path = Controller;
			sourceTree = "<group>";
		};
/* End PBXGroup section */

/* Begin PBXNativeTarget section */
		E0CA0BA224B233A400B5434D /* Simple Weather */ = {
			isa = PBXNativeTarget;
			buildConfigurationList = E0CA0BB724B233A700B5434D /* Build configuration list for PBXNativeTarget "Simple Weather" */;
			buildPhases = (
				97F63CAB4FC9116BB9BB47F0 /* [CP] Check Pods Manifest.lock */,
				E0CA0B9F24B233A400B5434D /* Sources */,
				E0CA0BA024B233A400B5434D /* Frameworks */,
				E0CA0BA124B233A400B5434D /* Resources */,
				4399CA216C94F5C0208AE42D /* [CP] Embed Pods Frameworks */,
			);
			buildRules = (
			);
			dependencies = (
			);
			name = "Simple Weather";
			productName = "Simple Weather";
			productReference = E0CA0BA324B233A400B5434D /* Simple Weather.app */;
			productType = "com.apple.product-type.application";
		};
/* End PBXNativeTarget section */

/* Begin PBXProject section */
		E0CA0B9B24B233A400B5434D /* Project object */ = {
			isa = PBXProject;
			attributes = {
				LastSwiftUpdateCheck = 1150;
				LastUpgradeCheck = 1150;
				ORGANIZATIONNAME = "Matheus Amendola";
				TargetAttributes = {
					E0CA0BA224B233A400B5434D = {
						CreatedOnToolsVersion = 11.5;
					};
				};
			};
			buildConfigurationList = E0CA0B9E24B233A400B5434D /* Build configuration list for PBXProject "Simple Weather" */;
			compatibilityVersion = "Xcode 9.3";
			developmentRegion = en;
			hasScannedForEncodings = 0;
			knownRegions = (
				en,
				Base,
			);
			mainGroup = E0CA0B9A24B233A400B5434D;
			productRefGroup = E0CA0BA424B233A400B5434D /* Products */;
			projectDirPath = "";
			projectRoot = "";
			targets = (
				E0CA0BA224B233A400B5434D /* Simple Weather */,
			);
		};
/* End PBXProject section */

/* Begin PBXResourcesBuildPhase section */
		E0CA0BA124B233A400B5434D /* Resources */ = {
			isa = PBXResourcesBuildPhase;
			buildActionMask = 2147483647;
			files = (
				E04C506B24B28A21003FB198 /* Settings.bundle in Resources */,
				E0E3A36824B255EB008D8180 /* LaunchScreen.storyboard in Resources */,
				E0CA0BB024B233A700B5434D /* Assets.xcassets in Resources */,
				E0E3A36724B255EB008D8180 /* Main.storyboard in Resources */,
			);
			runOnlyForDeploymentPostprocessing = 0;
		};
/* End PBXResourcesBuildPhase section */

/* Begin PBXShellScriptBuildPhase section */
		4399CA216C94F5C0208AE42D /* [CP] Embed Pods Frameworks */ = {
			isa = PBXShellScriptBuildPhase;
			buildActionMask = 2147483647;
			files = (
			);
			inputFileListPaths = (
				"${PODS_ROOT}/Target Support Files/Pods-Simple Weather/Pods-Simple Weather-frameworks-${CONFIGURATION}-input-files.xcfilelist",
			);
			name = "[CP] Embed Pods Frameworks";
			outputFileListPaths = (
				"${PODS_ROOT}/Target Support Files/Pods-Simple Weather/Pods-Simple Weather-frameworks-${CONFIGURATION}-output-files.xcfilelist",
			);
			runOnlyForDeploymentPostprocessing = 0;
			shellPath = /bin/sh;
			shellScript = "\"${PODS_ROOT}/Target Support Files/Pods-Simple Weather/Pods-Simple Weather-frameworks.sh\"\n";
			showEnvVarsInLog = 0;
		};
		97F63CAB4FC9116BB9BB47F0 /* [CP] Check Pods Manifest.lock */ = {
			isa = PBXShellScriptBuildPhase;
			buildActionMask = 2147483647;
			files = (
			);
			inputFileListPaths = (
			);
			inputPaths = (
				"${PODS_PODFILE_DIR_PATH}/Podfile.lock",
				"${PODS_ROOT}/Manifest.lock",
			);
			name = "[CP] Check Pods Manifest.lock";
			outputFileListPaths = (
			);
			outputPaths = (
				"$(DERIVED_FILE_DIR)/Pods-Simple Weather-checkManifestLockResult.txt",
			);
			runOnlyForDeploymentPostprocessing = 0;
			shellPath = /bin/sh;
			shellScript = "diff \"${PODS_PODFILE_DIR_PATH}/Podfile.lock\" \"${PODS_ROOT}/Manifest.lock\" > /dev/null\nif [ $? != 0 ] ; then\n    # print error to STDERR\n    echo \"error: The sandbox is not in sync with the Podfile.lock. Run 'pod install' or update your CocoaPods installation.\" >&2\n    exit 1\nfi\n# This output is used by Xcode 'outputs' to avoid re-running this script phase.\necho \"SUCCESS\" > \"${SCRIPT_OUTPUT_FILE_0}\"\n";
			showEnvVarsInLog = 0;
		};
/* End PBXShellScriptBuildPhase section */

/* Begin PBXSourcesBuildPhase section */
		E0CA0B9F24B233A400B5434D /* Sources */ = {
			isa = PBXSourcesBuildPhase;
			buildActionMask = 2147483647;
			files = (
				E0F4592624B28FAE00E097A2 /* SettingsBundleHelper.swift in Sources */,
				E0CA0BBE24B234EB00B5434D /* WeatherData.swift in Sources */,
				E0CA0BAB24B233A500B5434D /* ViewController.swift in Sources */,
				E0C66EFB24B394C8008DF138 /* SettingsViewController.swift in Sources */,
				E0CA0BA724B233A500B5434D /* AppDelegate.swift in Sources */,
				E0242AB224B2B9EC002C0567 /* Location.swift in Sources */,
				E0CA0BA924B233A500B5434D /* SceneDelegate.swift in Sources */,
				E0CA0BC324B2355F00B5434D /* Weather.swift in Sources */,
				E0F4592824B2973C00E097A2 /* Configuration.swift in Sources */,
				E0CA0BC024B2353200B5434D /* Design.swift in Sources */,
			);
			runOnlyForDeploymentPostprocessing = 0;
		};
/* End PBXSourcesBuildPhase section */

/* Begin PBXVariantGroup section */
		E0E3A36324B255EA008D8180 /* Main.storyboard */ = {
			isa = PBXVariantGroup;
			children = (
				E0E3A36424B255EA008D8180 /* Base */,
			);
			name = Main.storyboard;
			sourceTree = "<group>";
		};
		E0E3A36524B255EA008D8180 /* LaunchScreen.storyboard */ = {
			isa = PBXVariantGroup;
			children = (
				E0E3A36624B255EA008D8180 /* Base */,
			);
			name = LaunchScreen.storyboard;
			sourceTree = "<group>";
		};
/* End PBXVariantGroup section */

/* Begin XCBuildConfiguration section */
		E0CA0BB524B233A700B5434D /* Debug */ = {
			isa = XCBuildConfiguration;
			buildSettings = {
				ALWAYS_SEARCH_USER_PATHS = NO;
				CLANG_ANALYZER_NONNULL = YES;
				CLANG_ANALYZER_NUMBER_OBJECT_CONVERSION = YES_AGGRESSIVE;
				CLANG_CXX_LANGUAGE_STANDARD = "gnu++14";
				CLANG_CXX_LIBRARY = "libc++";
				CLANG_ENABLE_MODULES = YES;
				CLANG_ENABLE_OBJC_ARC = YES;
				CLANG_ENABLE_OBJC_WEAK = YES;
				CLANG_WARN_BLOCK_CAPTURE_AUTORELEASING = YES;
				CLANG_WARN_BOOL_CONVERSION = YES;
				CLANG_WARN_COMMA = YES;
				CLANG_WARN_CONSTANT_CONVERSION = YES;
				CLANG_WARN_DEPRECATED_OBJC_IMPLEMENTATIONS = YES;
				CLANG_WARN_DIRECT_OBJC_ISA_USAGE = YES_ERROR;
				CLANG_WARN_DOCUMENTATION_COMMENTS = YES;
				CLANG_WARN_EMPTY_BODY = YES;
				CLANG_WARN_ENUM_CONVERSION = YES;
				CLANG_WARN_INFINITE_RECURSION = YES;
				CLANG_WARN_INT_CONVERSION = YES;
				CLANG_WARN_NON_LITERAL_NULL_CONVERSION = YES;
				CLANG_WARN_OBJC_IMPLICIT_RETAIN_SELF = YES;
				CLANG_WARN_OBJC_LITERAL_CONVERSION = YES;
				CLANG_WARN_OBJC_ROOT_CLASS = YES_ERROR;
				CLANG_WARN_RANGE_LOOP_ANALYSIS = YES;
				CLANG_WARN_STRICT_PROTOTYPES = YES;
				CLANG_WARN_SUSPICIOUS_MOVE = YES;
				CLANG_WARN_UNGUARDED_AVAILABILITY = YES_AGGRESSIVE;
				CLANG_WARN_UNREACHABLE_CODE = YES;
				CLANG_WARN__DUPLICATE_METHOD_MATCH = YES;
				COPY_PHASE_STRIP = NO;
				DEBUG_INFORMATION_FORMAT = dwarf;
				ENABLE_STRICT_OBJC_MSGSEND = YES;
				ENABLE_TESTABILITY = YES;
				GCC_C_LANGUAGE_STANDARD = gnu11;
				GCC_DYNAMIC_NO_PIC = NO;
				GCC_NO_COMMON_BLOCKS = YES;
				GCC_OPTIMIZATION_LEVEL = 0;
				GCC_PREPROCESSOR_DEFINITIONS = (
					"DEBUG=1",
					"$(inherited)",
				);
				GCC_WARN_64_TO_32_BIT_CONVERSION = YES;
				GCC_WARN_ABOUT_RETURN_TYPE = YES_ERROR;
				GCC_WARN_UNDECLARED_SELECTOR = YES;
				GCC_WARN_UNINITIALIZED_AUTOS = YES_AGGRESSIVE;
				GCC_WARN_UNUSED_FUNCTION = YES;
				GCC_WARN_UNUSED_VARIABLE = YES;
				IPHONEOS_DEPLOYMENT_TARGET = 13.5;
				MTL_ENABLE_DEBUG_INFO = INCLUDE_SOURCE;
				MTL_FAST_MATH = YES;
				ONLY_ACTIVE_ARCH = YES;
				SDKROOT = iphoneos;
				SWIFT_ACTIVE_COMPILATION_CONDITIONS = DEBUG;
				SWIFT_OPTIMIZATION_LEVEL = "-Onone";
			};
			name = Debug;
		};
		E0CA0BB624B233A700B5434D /* Release */ = {
			isa = XCBuildConfiguration;
			buildSettings = {
				ALWAYS_SEARCH_USER_PATHS = NO;
				CLANG_ANALYZER_NONNULL = YES;
				CLANG_ANALYZER_NUMBER_OBJECT_CONVERSION = YES_AGGRESSIVE;
				CLANG_CXX_LANGUAGE_STANDARD = "gnu++14";
				CLANG_CXX_LIBRARY = "libc++";
				CLANG_ENABLE_MODULES = YES;
				CLANG_ENABLE_OBJC_ARC = YES;
				CLANG_ENABLE_OBJC_WEAK = YES;
				CLANG_WARN_BLOCK_CAPTURE_AUTORELEASING = YES;
				CLANG_WARN_BOOL_CONVERSION = YES;
				CLANG_WARN_COMMA = YES;
				CLANG_WARN_CONSTANT_CONVERSION = YES;
				CLANG_WARN_DEPRECATED_OBJC_IMPLEMENTATIONS = YES;
				CLANG_WARN_DIRECT_OBJC_ISA_USAGE = YES_ERROR;
				CLANG_WARN_DOCUMENTATION_COMMENTS = YES;
				CLANG_WARN_EMPTY_BODY = YES;
				CLANG_WARN_ENUM_CONVERSION = YES;
				CLANG_WARN_INFINITE_RECURSION = YES;
				CLANG_WARN_INT_CONVERSION = YES;
				CLANG_WARN_NON_LITERAL_NULL_CONVERSION = YES;
				CLANG_WARN_OBJC_IMPLICIT_RETAIN_SELF = YES;
				CLANG_WARN_OBJC_LITERAL_CONVERSION = YES;
				CLANG_WARN_OBJC_ROOT_CLASS = YES_ERROR;
				CLANG_WARN_RANGE_LOOP_ANALYSIS = YES;
				CLANG_WARN_STRICT_PROTOTYPES = YES;
				CLANG_WARN_SUSPICIOUS_MOVE = YES;
				CLANG_WARN_UNGUARDED_AVAILABILITY = YES_AGGRESSIVE;
				CLANG_WARN_UNREACHABLE_CODE = YES;
				CLANG_WARN__DUPLICATE_METHOD_MATCH = YES;
				COPY_PHASE_STRIP = NO;
				DEBUG_INFORMATION_FORMAT = "dwarf-with-dsym";
				ENABLE_NS_ASSERTIONS = NO;
				ENABLE_STRICT_OBJC_MSGSEND = YES;
				GCC_C_LANGUAGE_STANDARD = gnu11;
				GCC_NO_COMMON_BLOCKS = YES;
				GCC_WARN_64_TO_32_BIT_CONVERSION = YES;
				GCC_WARN_ABOUT_RETURN_TYPE = YES_ERROR;
				GCC_WARN_UNDECLARED_SELECTOR = YES;
				GCC_WARN_UNINITIALIZED_AUTOS = YES_AGGRESSIVE;
				GCC_WARN_UNUSED_FUNCTION = YES;
				GCC_WARN_UNUSED_VARIABLE = YES;
				IPHONEOS_DEPLOYMENT_TARGET = 13.5;
				MTL_ENABLE_DEBUG_INFO = NO;
				MTL_FAST_MATH = YES;
				SDKROOT = iphoneos;
				SWIFT_COMPILATION_MODE = wholemodule;
				SWIFT_OPTIMIZATION_LEVEL = "-O";
				VALIDATE_PRODUCT = YES;
			};
			name = Release;
		};
		E0CA0BB824B233A700B5434D /* Debug */ = {
			isa = XCBuildConfiguration;
			baseConfigurationReference = 536927908368611C785440BF /* Pods-Simple Weather.debug.xcconfig */;
			buildSettings = {
				ASSETCATALOG_COMPILER_APPICON_NAME = AppIcon;
				CODE_SIGN_STYLE = Automatic;
				DEVELOPMENT_TEAM = R647JTBWZR;
				INFOPLIST_FILE = "Simple Weather/Info.plist";
				IPHONEOS_DEPLOYMENT_TARGET = 13.4;
				LD_RUNPATH_SEARCH_PATHS = (
					"$(inherited)",
					"@executable_path/Frameworks",
				);
				MARKETING_VERSION = 1.11;
				PRODUCT_BUNDLE_IDENTIFIER = "com.matheusamendola.Simple-Weather";
				PRODUCT_NAME = "$(TARGET_NAME)";
				SWIFT_VERSION = 5.0;
				TARGETED_DEVICE_FAMILY = "1,2";
			};
			name = Debug;
		};
		E0CA0BB924B233A700B5434D /* Release */ = {
			isa = XCBuildConfiguration;
			baseConfigurationReference = CF88EFA27DF98C8FB089A1C9 /* Pods-Simple Weather.release.xcconfig */;
			buildSettings = {
				ASSETCATALOG_COMPILER_APPICON_NAME = AppIcon;
				CODE_SIGN_STYLE = Automatic;
				DEVELOPMENT_TEAM = 7LDY52P48T;
				INFOPLIST_FILE = "Simple Weather/Info.plist";
				IPHONEOS_DEPLOYMENT_TARGET = 13.4;
				LD_RUNPATH_SEARCH_PATHS = (
					"$(inherited)",
					"@executable_path/Frameworks",
				);
				MARKETING_VERSION = 1.11;
				PRODUCT_BUNDLE_IDENTIFIER = "com.matheusamendola.Simple-Weather";
				PRODUCT_NAME = "$(TARGET_NAME)";
				SWIFT_VERSION = 5.0;
				TARGETED_DEVICE_FAMILY = "1,2";
			};
			name = Release;
		};
/* End XCBuildConfiguration section */

/* Begin XCConfigurationList section */
		E0CA0B9E24B233A400B5434D /* Build configuration list for PBXProject "Simple Weather" */ = {
			isa = XCConfigurationList;
			buildConfigurations = (
				E0CA0BB524B233A700B5434D /* Debug */,
				E0CA0BB624B233A700B5434D /* Release */,
			);
			defaultConfigurationIsVisible = 0;
			defaultConfigurationName = Release;
		};
		E0CA0BB724B233A700B5434D /* Build configuration list for PBXNativeTarget "Simple Weather" */ = {
			isa = XCConfigurationList;
			buildConfigurations = (
				E0CA0BB824B233A700B5434D /* Debug */,
				E0CA0BB924B233A700B5434D /* Release */,
			);
			defaultConfigurationIsVisible = 0;
			defaultConfigurationName = Release;
		};
/* End XCConfigurationList section */
	};
	rootObject = E0CA0B9B24B233A400B5434D /* Project object */;
}
